
Microsoft Visual Studio Solution File, Format Version 12.00
# Visual Studio Version 16
VisualStudioVersion = 16.0.31424.327
MinimumVisualStudioVersion = 10.0.40219.1
Project("{9A19103F-16F7-4668-BE54-9A1E7A4F7556}") = "StockandPreaccountantManaging", "StockandPreaccountantManaging\StockandPreaccountantManaging.csproj", "{93D4CEF1-453B-47F9-99B7-0A626DBE35F3}"
EndProject
Project("{9A19103F-16F7-4668-BE54-9A1E7A4F7556}") = "DataAccess", "DataAccess\DataAccess.csproj", "{1837EDFE-B0AF-4010-A1EA-A2E0D637D149}"
EndProject
Project("{FAE04EC0-301F-11D3-BF4B-00C04F79EFBC}") = "Service", "Service\Service.csproj", "{72B59110-343F-4B47-B06A-DA293C18D7A6}"
EndProject
Global
	GlobalSection(SolutionConfigurationPlatforms) = preSolution
		Debug|Any CPU = Debug|Any CPU
		Release|Any CPU = Release|Any CPU
	EndGlobalSection
	GlobalSection(ProjectConfigurationPlatforms) = postSolution
		{93D4CEF1-453B-47F9-99B7-0A626DBE35F3}.Debug|Any CPU.ActiveCfg = Debug|Any CPU
		{93D4CEF1-453B-47F9-99B7-0A626DBE35F3}.Debug|Any CPU.Build.0 = Debug|Any CPU
		{93D4CEF1-453B-47F9-99B7-0A626DBE35F3}.Release|Any CPU.ActiveCfg = Release|Any CPU
		{93D4CEF1-453B-47F9-99B7-0A626DBE35F3}.Release|Any CPU.Build.0 = Release|Any CPU
		{1837EDFE-B0AF-4010-A1EA-A2E0D637D149}.Debug|Any CPU.ActiveCfg = Debug|Any CPU
		{1837EDFE-B0AF-4010-A1EA-A2E0D637D149}.Debug|Any CPU.Build.0 = Debug|Any CPU
		{1837EDFE-B0AF-4010-A1EA-A2E0D637D149}.Release|Any CPU.ActiveCfg = Release|Any CPU
		{1837EDFE-B0AF-4010-A1EA-A2E0D637D149}.Release|Any CPU.Build.0 = Release|Any CPU
		{72B59110-343F-4B47-B06A-DA293C18D7A6}.Debug|Any CPU.ActiveCfg = Debug|Any CPU
		{72B59110-343F-4B47-B06A-DA293C18D7A6}.Debug|Any CPU.Build.0 = Debug|Any CPU
		{72B59110-343F-4B47-B06A-DA293C18D7A6}.Release|Any CPU.ActiveCfg = Release|Any CPU
		{72B59110-343F-4B47-B06A-DA293C18D7A6}.Release|Any CPU.Build.0 = Release|Any CPU
	EndGlobalSection
	GlobalSection(SolutionProperties) = preSolution
		HideSolutionNode = FALSE
	EndGlobalSection
	GlobalSection(ExtensibilityGlobals) = postSolution
		SolutionGuid = {0271FA3D-B7CE-4E35-A0E5-91E0875D07AD}
	EndGlobalSection
EndGlobal
